
Microsoft Visual Studio Solution File, Format Version 12.00
# Visual Studio 15
VisualStudioVersion = 15.0.28307.902
MinimumVisualStudioVersion = 10.0.40219.1
Project("{FAE04EC0-301F-11D3-BF4B-00C04F79EFBC}") = "dotNetCoreMVCDemo1", "dotNetCoreMVCDemo1\dotNetCoreMVCDemo1.csproj", "{46FC4343-B068-4CC1-A728-2E34D104497C}"
EndProject
Global
	GlobalSection(SolutionConfigurationPlatforms) = preSolution
		Debug|Any CPU = Debug|Any CPU
		Release|Any CPU = Release|Any CPU
	EndGlobalSection
	GlobalSection(ProjectConfigurationPlatforms) = postSolution
		{46FC4343-B068-4CC1-A728-2E34D104497C}.Debug|Any CPU.ActiveCfg = Debug|Any CPU
		{46FC4343-B068-4CC1-A728-2E34D104497C}.Debug|Any CPU.Build.0 = Debug|Any CPU
		{46FC4343-B068-4CC1-A728-2E34D104497C}.Release|Any CPU.ActiveCfg = Release|Any CPU
		{46FC4343-B068-4CC1-A728-2E34D104497C}.Release|Any CPU.Build.0 = Release|Any CPU
	EndGlobalSection
	GlobalSection(SolutionProperties) = preSolution
		HideSolutionNode = FALSE
	EndGlobalSection
	GlobalSection(ExtensibilityGlobals) = postSolution
		SolutionGuid = {DCDFCB18-7068-48EC-B47B-B5C46A2ECE14}
	EndGlobalSection
EndGlobal
