
Microsoft Visual Studio Solution File, Format Version 12.00
# Visual Studio 15
VisualStudioVersion = 15.0.28307.902
MinimumVisualStudioVersion = 10.0.40219.1
Project("{FAE04EC0-301F-11D3-BF4B-00C04F79EFBC}") = "DapperDemo", "DapperDemo\DapperDemo.csproj", "{AC1C9B0B-8318-4803-908D-3E0DA89A499D}"
EndProject
Global
	GlobalSection(SolutionConfigurationPlatforms) = preSolution
		Debug|Any CPU = Debug|Any CPU
		Release|Any CPU = Release|Any CPU
	EndGlobalSection
	GlobalSection(ProjectConfigurationPlatforms) = postSolution
		{AC1C9B0B-8318-4803-908D-3E0DA89A499D}.Debug|Any CPU.ActiveCfg = Debug|Any CPU
		{AC1C9B0B-8318-4803-908D-3E0DA89A499D}.Debug|Any CPU.Build.0 = Debug|Any CPU
		{AC1C9B0B-8318-4803-908D-3E0DA89A499D}.Release|Any CPU.ActiveCfg = Release|Any CPU
		{AC1C9B0B-8318-4803-908D-3E0DA89A499D}.Release|Any CPU.Build.0 = Release|Any CPU
	EndGlobalSection
	GlobalSection(SolutionProperties) = preSolution
		HideSolutionNode = FALSE
	EndGlobalSection
	GlobalSection(ExtensibilityGlobals) = postSolution
		SolutionGuid = {764C9F84-BC9D-4118-A128-844A248BE340}
	EndGlobalSection
EndGlobal
